
Microsoft Visual Studio Solution File, Format Version 12.00
# Visual Studio Version 17
VisualStudioVersion = 17.4.33110.190
MinimumVisualStudioVersion = 10.0.40219.1
Project("{9A19103F-16F7-4668-BE54-9A1E7A4F7556}") = "SimEco", "SimEco\SimEco.csproj", "{42AD291B-2F22-42E1-B248-297B5939B802}"
EndProject
Project("{9A19103F-16F7-4668-BE54-9A1E7A4F7556}") = "EcosystemClassLibrary", "EcosystemClassLibrary\EcosystemClassLibrary.csproj", "{DFC5556F-7F30-42E8-BE01-2435AB4B6EAD}"
EndProject
Global
	GlobalSection(SolutionConfigurationPlatforms) = preSolution
		Debug|Any CPU = Debug|Any CPU
		Debug|x64 = Debug|x64
		Debug|x86 = Debug|x86
		Release|Any CPU = Release|Any CPU
		Release|x64 = Release|x64
		Release|x86 = Release|x86
	EndGlobalSection
	GlobalSection(ProjectConfigurationPlatforms) = postSolution
		{42AD291B-2F22-42E1-B248-297B5939B802}.Debug|Any CPU.ActiveCfg = Debug|Any CPU
		{42AD291B-2F22-42E1-B248-297B5939B802}.Debug|Any CPU.Build.0 = Debug|Any CPU
		{42AD291B-2F22-42E1-B248-297B5939B802}.Debug|x64.ActiveCfg = Debug|Any CPU
		{42AD291B-2F22-42E1-B248-297B5939B802}.Debug|x64.Build.0 = Debug|Any CPU
		{42AD291B-2F22-42E1-B248-297B5939B802}.Debug|x86.ActiveCfg = Debug|Any CPU
		{42AD291B-2F22-42E1-B248-297B5939B802}.Debug|x86.Build.0 = Debug|Any CPU
		{42AD291B-2F22-42E1-B248-297B5939B802}.Release|Any CPU.ActiveCfg = Release|Any CPU
		{42AD291B-2F22-42E1-B248-297B5939B802}.Release|Any CPU.Build.0 = Release|Any CPU
		{42AD291B-2F22-42E1-B248-297B5939B802}.Release|x64.ActiveCfg = Release|Any CPU
		{42AD291B-2F22-42E1-B248-297B5939B802}.Release|x64.Build.0 = Release|Any CPU
		{42AD291B-2F22-42E1-B248-297B5939B802}.Release|x86.ActiveCfg = Release|Any CPU
		{42AD291B-2F22-42E1-B248-297B5939B802}.Release|x86.Build.0 = Release|Any CPU
		{DFC5556F-7F30-42E8-BE01-2435AB4B6EAD}.Debug|Any CPU.ActiveCfg = Debug|Any CPU
		{DFC5556F-7F30-42E8-BE01-2435AB4B6EAD}.Debug|Any CPU.Build.0 = Debug|Any CPU
		{DFC5556F-7F30-42E8-BE01-2435AB4B6EAD}.Debug|x64.ActiveCfg = Debug|Any CPU
		{DFC5556F-7F30-42E8-BE01-2435AB4B6EAD}.Debug|x64.Build.0 = Debug|Any CPU
		{DFC5556F-7F30-42E8-BE01-2435AB4B6EAD}.Debug|x86.ActiveCfg = Debug|Any CPU
		{DFC5556F-7F30-42E8-BE01-2435AB4B6EAD}.Debug|x86.Build.0 = Debug|Any CPU
		{DFC5556F-7F30-42E8-BE01-2435AB4B6EAD}.Release|Any CPU.ActiveCfg = Release|Any CPU
		{DFC5556F-7F30-42E8-BE01-2435AB4B6EAD}.Release|Any CPU.Build.0 = Release|Any CPU
		{DFC5556F-7F30-42E8-BE01-2435AB4B6EAD}.Release|x64.ActiveCfg = Release|Any CPU
		{DFC5556F-7F30-42E8-BE01-2435AB4B6EAD}.Release|x64.Build.0 = Release|Any CPU
		{DFC5556F-7F30-42E8-BE01-2435AB4B6EAD}.Release|x86.ActiveCfg = Release|Any CPU
		{DFC5556F-7F30-42E8-BE01-2435AB4B6EAD}.Release|x86.Build.0 = Release|Any CPU
	EndGlobalSection
	GlobalSection(SolutionProperties) = preSolution
		HideSolutionNode = FALSE
	EndGlobalSection
	GlobalSection(ExtensibilityGlobals) = postSolution
		SolutionGuid = {215DB5CB-4E36-4751-AC47-3EA5E2738630}
	EndGlobalSection
EndGlobal
